// !$*UTF8*$!
{
	archiveVersion = 1;
	classes = {
	};
	objectVersion = 50;
	objects = {

/* Begin PBXBuildFile section */
		F70CCD89240855FA00A4BA66 /* AppDelegate.swift in Sources */ = {isa = PBXBuildFile; fileRef = F70CCD88240855FA00A4BA66 /* AppDelegate.swift */; };
		F70CCD8D240855FA00A4BA66 /* ViewController.swift in Sources */ = {isa = PBXBuildFile; fileRef = F70CCD8C240855FA00A4BA66 /* ViewController.swift */; };
		F70CCD922408560100A4BA66 /* Assets.xcassets in Resources */ = {isa = PBXBuildFile; fileRef = F70CCD912408560100A4BA66 /* Assets.xcassets */; };
		F70CCD952408560100A4BA66 /* LaunchScreen.storyboard in Resources */ = {isa = PBXBuildFile; fileRef = F70CCD932408560100A4BA66 /* LaunchScreen.storyboard */; };
		F70CCDA02408560200A4BA66 /* TabBar_CoordinatorTests.swift in Sources */ = {isa = PBXBuildFile; fileRef = F70CCD9F2408560200A4BA66 /* TabBar_CoordinatorTests.swift */; };
		F70CCDAB2408560200A4BA66 /* TabBar_CoordinatorUITests.swift in Sources */ = {isa = PBXBuildFile; fileRef = F70CCDAA2408560200A4BA66 /* TabBar_CoordinatorUITests.swift */; };
/* End PBXBuildFile section */

/* Begin PBXContainerItemProxy section */
		F70CCD9C2408560200A4BA66 /* PBXContainerItemProxy */ = {
			isa = PBXContainerItemProxy;
			containerPortal = F70CCD7D240855FA00A4BA66 /* Project object */;
			proxyType = 1;
			remoteGlobalIDString = F70CCD84240855FA00A4BA66;
			remoteInfo = "TabBar Coordinator";
		};
		F70CCDA72408560200A4BA66 /* PBXContainerItemProxy */ = {
			isa = PBXContainerItemProxy;
			containerPortal = F70CCD7D240855FA00A4BA66 /* Project object */;
			proxyType = 1;
			remoteGlobalIDString = F70CCD84240855FA00A4BA66;
			remoteInfo = "TabBar Coordinator";
		};
/* End PBXContainerItemProxy section */

/* Begin PBXFileReference section */
		F70CCD85240855FA00A4BA66 /* TabBar Coordinator.app */ = {isa = PBXFileReference; explicitFileType = wrapper.application; includeInIndex = 0; path = "TabBar Coordinator.app"; sourceTree = BUILT_PRODUCTS_DIR; };
		F70CCD88240855FA00A4BA66 /* AppDelegate.swift */ = {isa = PBXFileReference; lastKnownFileType = sourcecode.swift; path = AppDelegate.swift; sourceTree = "<group>"; };
		F70CCD8C240855FA00A4BA66 /* ViewController.swift */ = {isa = PBXFileReference; lastKnownFileType = sourcecode.swift; path = ViewController.swift; sourceTree = "<group>"; };
		F70CCD912408560100A4BA66 /* Assets.xcassets */ = {isa = PBXFileReference; lastKnownFileType = folder.assetcatalog; path = Assets.xcassets; sourceTree = "<group>"; };
		F70CCD942408560100A4BA66 /* Base */ = {isa = PBXFileReference; lastKnownFileType = file.storyboard; name = Base; path = Base.lproj/LaunchScreen.storyboard; sourceTree = "<group>"; };
		F70CCD962408560100A4BA66 /* Info.plist */ = {isa = PBXFileReference; lastKnownFileType = text.plist.xml; path = Info.plist; sourceTree = "<group>"; };
		F70CCD9B2408560200A4BA66 /* TabBar CoordinatorTests.xctest */ = {isa = PBXFileReference; explicitFileType = wrapper.cfbundle; includeInIndex = 0; path = "TabBar CoordinatorTests.xctest"; sourceTree = BUILT_PRODUCTS_DIR; };
		F70CCD9F2408560200A4BA66 /* TabBar_CoordinatorTests.swift */ = {isa = PBXFileReference; lastKnownFileType = sourcecode.swift; path = TabBar_CoordinatorTests.swift; sourceTree = "<group>"; };
		F70CCDA12408560200A4BA66 /* Info.plist */ = {isa = PBXFileReference; lastKnownFileType = text.plist.xml; path = Info.plist; sourceTree = "<group>"; };
		F70CCDA62408560200A4BA66 /* TabBar CoordinatorUITests.xctest */ = {isa = PBXFileReference; explicitFileType = wrapper.cfbundle; includeInIndex = 0; path = "TabBar CoordinatorUITests.xctest"; sourceTree = BUILT_PRODUCTS_DIR; };
		F70CCDAA2408560200A4BA66 /* TabBar_CoordinatorUITests.swift */ = {isa = PBXFileReference; lastKnownFileType = sourcecode.swift; path = TabBar_CoordinatorUITests.swift; sourceTree = "<group>"; };
		F70CCDAC2408560200A4BA66 /* Info.plist */ = {isa = PBXFileReference; lastKnownFileType = text.plist.xml; path = Info.plist; sourceTree = "<group>"; };
/* End PBXFileReference section */

/* Begin PBXFrameworksBuildPhase section */
		F70CCD82240855FA00A4BA66 /* Frameworks */ = {
			isa = PBXFrameworksBuildPhase;
			buildActionMask = 2147483647;
			files = (
			);
			runOnlyForDeploymentPostprocessing = 0;
		};
		F70CCD982408560200A4BA66 /* Frameworks */ = {
			isa = PBXFrameworksBuildPhase;
			buildActionMask = 2147483647;
			files = (
			);
			runOnlyForDeploymentPostprocessing = 0;
		};
		F70CCDA32408560200A4BA66 /* Frameworks */ = {
			isa = PBXFrameworksBuildPhase;
			buildActionMask = 2147483647;
			files = (
			);
			runOnlyForDeploymentPostprocessing = 0;
		};
/* End PBXFrameworksBuildPhase section */

/* Begin PBXGroup section */
		F70CCD7C240855FA00A4BA66 = {
			isa = PBXGroup;
			children = (
				F70CCD87240855FA00A4BA66 /* TabBar Coordinator */,
				F70CCD9E2408560200A4BA66 /* TabBar CoordinatorTests */,
				F70CCDA92408560200A4BA66 /* TabBar CoordinatorUITests */,
				F70CCD86240855FA00A4BA66 /* Products */,
			);
			sourceTree = "<group>";
		};
		F70CCD86240855FA00A4BA66 /* Products */ = {
			isa = PBXGroup;
			children = (
				F70CCD85240855FA00A4BA66 /* TabBar Coordinator.app */,
				F70CCD9B2408560200A4BA66 /* TabBar CoordinatorTests.xctest */,
				F70CCDA62408560200A4BA66 /* TabBar CoordinatorUITests.xctest */,
			);
			name = Products;
			sourceTree = "<group>";
		};
		F70CCD87240855FA00A4BA66 /* TabBar Coordinator */ = {
			isa = PBXGroup;
			children = (
				F70CCD88240855FA00A4BA66 /* AppDelegate.swift */,
				F70CCD8C240855FA00A4BA66 /* ViewController.swift */,
				F70CCD912408560100A4BA66 /* Assets.xcassets */,
				F70CCD932408560100A4BA66 /* LaunchScreen.storyboard */,
				F70CCD962408560100A4BA66 /* Info.plist */,
			);
			path = "TabBar Coordinator";
			sourceTree = "<group>";
		};
		F70CCD9E2408560200A4BA66 /* TabBar CoordinatorTests */ = {
			isa = PBXGroup;
			children = (
				F70CCD9F2408560200A4BA66 /* TabBar_CoordinatorTests.swift */,
				F70CCDA12408560200A4BA66 /* Info.plist */,
			);
			path = "TabBar CoordinatorTests";
			sourceTree = "<group>";
		};
		F70CCDA92408560200A4BA66 /* TabBar CoordinatorUITests */ = {
			isa = PBXGroup;
			children = (
				F70CCDAA2408560200A4BA66 /* TabBar_CoordinatorUITests.swift */,
				F70CCDAC2408560200A4BA66 /* Info.plist */,
			);
			path = "TabBar CoordinatorUITests";
			sourceTree = "<group>";
		};
/* End PBXGroup section */

/* Begin PBXNativeTarget section */
		F70CCD84240855FA00A4BA66 /* TabBar Coordinator */ = {
			isa = PBXNativeTarget;
			buildConfigurationList = F70CCDAF2408560200A4BA66 /* Build configuration list for PBXNativeTarget "TabBar Coordinator" */;
			buildPhases = (
				F70CCD81240855FA00A4BA66 /* Sources */,
				F70CCD82240855FA00A4BA66 /* Frameworks */,
				F70CCD83240855FA00A4BA66 /* Resources */,
			);
			buildRules = (
			);
			dependencies = (
			);
			name = "TabBar Coordinator";
			productName = "TabBar Coordinator";
			productReference = F70CCD85240855FA00A4BA66 /* TabBar Coordinator.app */;
			productType = "com.apple.product-type.application";
		};
		F70CCD9A2408560200A4BA66 /* TabBar CoordinatorTests */ = {
			isa = PBXNativeTarget;
			buildConfigurationList = F70CCDB22408560200A4BA66 /* Build configuration list for PBXNativeTarget "TabBar CoordinatorTests" */;
			buildPhases = (
				F70CCD972408560200A4BA66 /* Sources */,
				F70CCD982408560200A4BA66 /* Frameworks */,
				F70CCD992408560200A4BA66 /* Resources */,
			);
			buildRules = (
			);
			dependencies = (
				F70CCD9D2408560200A4BA66 /* PBXTargetDependency */,
			);
			name = "TabBar CoordinatorTests";
			productName = "TabBar CoordinatorTests";
			productReference = F70CCD9B2408560200A4BA66 /* TabBar CoordinatorTests.xctest */;
			productType = "com.apple.product-type.bundle.unit-test";
		};
		F70CCDA52408560200A4BA66 /* TabBar CoordinatorUITests */ = {
			isa = PBXNativeTarget;
			buildConfigurationList = F70CCDB52408560200A4BA66 /* Build configuration list for PBXNativeTarget "TabBar CoordinatorUITests" */;
			buildPhases = (
				F70CCDA22408560200A4BA66 /* Sources */,
				F70CCDA32408560200A4BA66 /* Frameworks */,
				F70CCDA42408560200A4BA66 /* Resources */,
			);
			buildRules = (
			);
			dependencies = (
				F70CCDA82408560200A4BA66 /* PBXTargetDependency */,
			);
			name = "TabBar CoordinatorUITests";
			productName = "TabBar CoordinatorUITests";
			productReference = F70CCDA62408560200A4BA66 /* TabBar CoordinatorUITests.xctest */;
			productType = "com.apple.product-type.bundle.ui-testing";
		};
/* End PBXNativeTarget section */

/* Begin PBXProject section */
		F70CCD7D240855FA00A4BA66 /* Project object */ = {
			isa = PBXProject;
			attributes = {
				LastSwiftUpdateCheck = 1130;
				LastUpgradeCheck = 1130;
				ORGANIZATIONNAME = "Levi Bostian";
				TargetAttributes = {
					F70CCD84240855FA00A4BA66 = {
						CreatedOnToolsVersion = 11.3.1;
					};
					F70CCD9A2408560200A4BA66 = {
						CreatedOnToolsVersion = 11.3.1;
						TestTargetID = F70CCD84240855FA00A4BA66;
					};
					F70CCDA52408560200A4BA66 = {
						CreatedOnToolsVersion = 11.3.1;
						TestTargetID = F70CCD84240855FA00A4BA66;
					};
				};
			};
			buildConfigurationList = F70CCD80240855FA00A4BA66 /* Build configuration list for PBXProject "TabBar Coordinator" */;
			compatibilityVersion = "Xcode 9.3";
			developmentRegion = en;
			hasScannedForEncodings = 0;
			knownRegions = (
				en,
				Base,
			);
			mainGroup = F70CCD7C240855FA00A4BA66;
			productRefGroup = F70CCD86240855FA00A4BA66 /* Products */;
			projectDirPath = "";
			projectRoot = "";
			targets = (
				F70CCD84240855FA00A4BA66 /* TabBar Coordinator */,
				F70CCD9A2408560200A4BA66 /* TabBar CoordinatorTests */,
				F70CCDA52408560200A4BA66 /* TabBar CoordinatorUITests */,
			);
		};
/* End PBXProject section */

/* Begin PBXResourcesBuildPhase section */
		F70CCD83240855FA00A4BA66 /* Resources */ = {
			isa = PBXResourcesBuildPhase;
			buildActionMask = 2147483647;
			files = (
				F70CCD952408560100A4BA66 /* LaunchScreen.storyboard in Resources */,
				F70CCD922408560100A4BA66 /* Assets.xcassets in Resources */,
			);
			runOnlyForDeploymentPostprocessing = 0;
		};
		F70CCD992408560200A4BA66 /* Resources */ = {
			isa = PBXResourcesBuildPhase;
			buildActionMask = 2147483647;
			files = (
			);
			runOnlyForDeploymentPostprocessing = 0;
		};
		F70CCDA42408560200A4BA66 /* Resources */ = {
			isa = PBXResourcesBuildPhase;
			buildActionMask = 2147483647;
			files = (
			);
			runOnlyForDeploymentPostprocessing = 0;
		};
/* End PBXResourcesBuildPhase section */

/* Begin PBXSourcesBuildPhase section */
		F70CCD81240855FA00A4BA66 /* Sources */ = {
			isa = PBXSourcesBuildPhase;
			buildActionMask = 2147483647;
			files = (
				F70CCD8D240855FA00A4BA66 /* ViewController.swift in Sources */,
				F70CCD89240855FA00A4BA66 /* AppDelegate.swift in Sources */,
			);
			runOnlyForDeploymentPostprocessing = 0;
		};
		F70CCD972408560200A4BA66 /* Sources */ = {
			isa = PBXSourcesBuildPhase;
			buildActionMask = 2147483647;
			files = (
				F70CCDA02408560200A4BA66 /* TabBar_CoordinatorTests.swift in Sources */,
			);
			runOnlyForDeploymentPostprocessing = 0;
		};
		F70CCDA22408560200A4BA66 /* Sources */ = {
			isa = PBXSourcesBuildPhase;
			buildActionMask = 2147483647;
			files = (
				F70CCDAB2408560200A4BA66 /* TabBar_CoordinatorUITests.swift in Sources */,
			);
			runOnlyForDeploymentPostprocessing = 0;
		};
/* End PBXSourcesBuildPhase section */

/* Begin PBXTargetDependency section */
		F70CCD9D2408560200A4BA66 /* PBXTargetDependency */ = {
			isa = PBXTargetDependency;
			target = F70CCD84240855FA00A4BA66 /* TabBar Coordinator */;
			targetProxy = F70CCD9C2408560200A4BA66 /* PBXContainerItemProxy */;
		};
		F70CCDA82408560200A4BA66 /* PBXTargetDependency */ = {
			isa = PBXTargetDependency;
			target = F70CCD84240855FA00A4BA66 /* TabBar Coordinator */;
			targetProxy = F70CCDA72408560200A4BA66 /* PBXContainerItemProxy */;
		};
/* End PBXTargetDependency section */

/* Begin PBXVariantGroup section */
		F70CCD932408560100A4BA66 /* LaunchScreen.storyboard */ = {
			isa = PBXVariantGroup;
			children = (
				F70CCD942408560100A4BA66 /* Base */,
			);
			name = LaunchScreen.storyboard;
			sourceTree = "<group>";
		};
/* End PBXVariantGroup section */

/* Begin XCBuildConfiguration section */
		F70CCDAD2408560200A4BA66 /* Debug */ = {
			isa = XCBuildConfiguration;
			buildSettings = {
				ALWAYS_SEARCH_USER_PATHS = NO;
				CLANG_ANALYZER_NONNULL = YES;
				CLANG_ANALYZER_NUMBER_OBJECT_CONVERSION = YES_AGGRESSIVE;
				CLANG_CXX_LANGUAGE_STANDARD = "gnu++14";
				CLANG_CXX_LIBRARY = "libc++";
				CLANG_ENABLE_MODULES = YES;
				CLANG_ENABLE_OBJC_ARC = YES;
				CLANG_ENABLE_OBJC_WEAK = YES;
				CLANG_WARN_BLOCK_CAPTURE_AUTORELEASING = YES;
				CLANG_WARN_BOOL_CONVERSION = YES;
				CLANG_WARN_COMMA = YES;
				CLANG_WARN_CONSTANT_CONVERSION = YES;
				CLANG_WARN_DEPRECATED_OBJC_IMPLEMENTATIONS = YES;
				CLANG_WARN_DIRECT_OBJC_ISA_USAGE = YES_ERROR;
				CLANG_WARN_DOCUMENTATION_COMMENTS = YES;
				CLANG_WARN_EMPTY_BODY = YES;
				CLANG_WARN_ENUM_CONVERSION = YES;
				CLANG_WARN_INFINITE_RECURSION = YES;
				CLANG_WARN_INT_CONVERSION = YES;
				CLANG_WARN_NON_LITERAL_NULL_CONVERSION = YES;
				CLANG_WARN_OBJC_IMPLICIT_RETAIN_SELF = YES;
				CLANG_WARN_OBJC_LITERAL_CONVERSION = YES;
				CLANG_WARN_OBJC_ROOT_CLASS = YES_ERROR;
				CLANG_WARN_RANGE_LOOP_ANALYSIS = YES;
				CLANG_WARN_STRICT_PROTOTYPES = YES;
				CLANG_WARN_SUSPICIOUS_MOVE = YES;
				CLANG_WARN_UNGUARDED_AVAILABILITY = YES_AGGRESSIVE;
				CLANG_WARN_UNREACHABLE_CODE = YES;
				CLANG_WARN__DUPLICATE_METHOD_MATCH = YES;
				COPY_PHASE_STRIP = NO;
				DEBUG_INFORMATION_FORMAT = dwarf;
				ENABLE_STRICT_OBJC_MSGSEND = YES;
				ENABLE_TESTABILITY = YES;
				GCC_C_LANGUAGE_STANDARD = gnu11;
				GCC_DYNAMIC_NO_PIC = NO;
				GCC_NO_COMMON_BLOCKS = YES;
				GCC_OPTIMIZATION_LEVEL = 0;
				GCC_PREPROCESSOR_DEFINITIONS = (
					"DEBUG=1",
					"$(inherited)",
				);
				GCC_WARN_64_TO_32_BIT_CONVERSION = YES;
				GCC_WARN_ABOUT_RETURN_TYPE = YES_ERROR;
				GCC_WARN_UNDECLARED_SELECTOR = YES;
				GCC_WARN_UNINITIALIZED_AUTOS = YES_AGGRESSIVE;
				GCC_WARN_UNUSED_FUNCTION = YES;
				GCC_WARN_UNUSED_VARIABLE = YES;
				IPHONEOS_DEPLOYMENT_TARGET = 13.2;
				MTL_ENABLE_DEBUG_INFO = INCLUDE_SOURCE;
				MTL_FAST_MATH = YES;
				ONLY_ACTIVE_ARCH = YES;
				SDKROOT = iphoneos;
				SWIFT_ACTIVE_COMPILATION_CONDITIONS = DEBUG;
				SWIFT_OPTIMIZATION_LEVEL = "-Onone";
			};
			name = Debug;
		};
		F70CCDAE2408560200A4BA66 /* Release */ = {
			isa = XCBuildConfiguration;
			buildSettings = {
				ALWAYS_SEARCH_USER_PATHS = NO;
				CLANG_ANALYZER_NONNULL = YES;
				CLANG_ANALYZER_NUMBER_OBJECT_CONVERSION = YES_AGGRESSIVE;
				CLANG_CXX_LANGUAGE_STANDARD = "gnu++14";
				CLANG_CXX_LIBRARY = "libc++";
				CLANG_ENABLE_MODULES = YES;
				CLANG_ENABLE_OBJC_ARC = YES;
				CLANG_ENABLE_OBJC_WEAK = YES;
				CLANG_WARN_BLOCK_CAPTURE_AUTORELEASING = YES;
				CLANG_WARN_BOOL_CONVERSION = YES;
				CLANG_WARN_COMMA = YES;
				CLANG_WARN_CONSTANT_CONVERSION = YES;
				CLANG_WARN_DEPRECATED_OBJC_IMPLEMENTATIONS = YES;
				CLANG_WARN_DIRECT_OBJC_ISA_USAGE = YES_ERROR;
				CLANG_WARN_DOCUMENTATION_COMMENTS = YES;
				CLANG_WARN_EMPTY_BODY = YES;
				CLANG_WARN_ENUM_CONVERSION = YES;
				CLANG_WARN_INFINITE_RECURSION = YES;
				CLANG_WARN_INT_CONVERSION = YES;
				CLANG_WARN_NON_LITERAL_NULL_CONVERSION = YES;
				CLANG_WARN_OBJC_IMPLICIT_RETAIN_SELF = YES;
				CLANG_WARN_OBJC_LITERAL_CONVERSION = YES;
				CLANG_WARN_OBJC_ROOT_CLASS = YES_ERROR;
				CLANG_WARN_RANGE_LOOP_ANALYSIS = YES;
				CLANG_WARN_STRICT_PROTOTYPES = YES;
				CLANG_WARN_SUSPICIOUS_MOVE = YES;
				CLANG_WARN_UNGUARDED_AVAILABILITY = YES_AGGRESSIVE;
				CLANG_WARN_UNREACHABLE_CODE = YES;
				CLANG_WARN__DUPLICATE_METHOD_MATCH = YES;
				COPY_PHASE_STRIP = NO;
				DEBUG_INFORMATION_FORMAT = "dwarf-with-dsym";
				ENABLE_NS_ASSERTIONS = NO;
				ENABLE_STRICT_OBJC_MSGSEND = YES;
				GCC_C_LANGUAGE_STANDARD = gnu11;
				GCC_NO_COMMON_BLOCKS = YES;
				GCC_WARN_64_TO_32_BIT_CONVERSION = YES;
				GCC_WARN_ABOUT_RETURN_TYPE = YES_ERROR;
				GCC_WARN_UNDECLARED_SELECTOR = YES;
				GCC_WARN_UNINITIALIZED_AUTOS = YES_AGGRESSIVE;
				GCC_WARN_UNUSED_FUNCTION = YES;
				GCC_WARN_UNUSED_VARIABLE = YES;
				IPHONEOS_DEPLOYMENT_TARGET = 13.2;
				MTL_ENABLE_DEBUG_INFO = NO;
				MTL_FAST_MATH = YES;
				SDKROOT = iphoneos;
				SWIFT_COMPILATION_MODE = wholemodule;
				SWIFT_OPTIMIZATION_LEVEL = "-O";
				VALIDATE_PRODUCT = YES;
			};
			name = Release;
		};
		F70CCDB02408560200A4BA66 /* Debug */ = {
			isa = XCBuildConfiguration;
			buildSettings = {
				ASSETCATALOG_COMPILER_APPICON_NAME = AppIcon;
				CODE_SIGN_STYLE = Automatic;
				DEVELOPMENT_TEAM = 552H65R858;
				INFOPLIST_FILE = "TabBar Coordinator/Info.plist";
				IPHONEOS_DEPLOYMENT_TARGET = 10.1;
				LD_RUNPATH_SEARCH_PATHS = (
					"$(inherited)",
					"@executable_path/Frameworks",
				);
				PRODUCT_BUNDLE_IDENTIFIER = "com.levibostian.TabBar-Coordinator";
				PRODUCT_NAME = "$(TARGET_NAME)";
				SWIFT_VERSION = 5.0;
				TARGETED_DEVICE_FAMILY = "1,2";
			};
			name = Debug;
		};
		F70CCDB12408560200A4BA66 /* Release */ = {
			isa = XCBuildConfiguration;
			buildSettings = {
				ASSETCATALOG_COMPILER_APPICON_NAME = AppIcon;
				CODE_SIGN_STYLE = Automatic;
				DEVELOPMENT_TEAM = 552H65R858;
				INFOPLIST_FILE = "TabBar Coordinator/Info.plist";
				IPHONEOS_DEPLOYMENT_TARGET = 10.1;
				LD_RUNPATH_SEARCH_PATHS = (
					"$(inherited)",
					"@executable_path/Frameworks",
				);
				PRODUCT_BUNDLE_IDENTIFIER = "com.levibostian.TabBar-Coordinator";
				PRODUCT_NAME = "$(TARGET_NAME)";
				SWIFT_VERSION = 5.0;
				TARGETED_DEVICE_FAMILY = "1,2";
			};
			name = Release;
		};
		F70CCDB32408560200A4BA66 /* Debug */ = {
			isa = XCBuildConfiguration;
			buildSettings = {
				ALWAYS_EMBED_SWIFT_STANDARD_LIBRARIES = YES;
				BUNDLE_LOADER = "$(TEST_HOST)";
				CODE_SIGN_STYLE = Automatic;
				DEVELOPMENT_TEAM = 552H65R858;
				INFOPLIST_FILE = "TabBar CoordinatorTests/Info.plist";
				IPHONEOS_DEPLOYMENT_TARGET = 13.2;
				LD_RUNPATH_SEARCH_PATHS = (
					"$(inherited)",
					"@executable_path/Frameworks",
					"@loader_path/Frameworks",
				);
				PRODUCT_BUNDLE_IDENTIFIER = "com.levibostian.TabBar-CoordinatorTests";
				PRODUCT_NAME = "$(TARGET_NAME)";
				SWIFT_VERSION = 5.0;
				TARGETED_DEVICE_FAMILY = "1,2";
				TEST_HOST = "$(BUILT_PRODUCTS_DIR)/TabBar Coordinator.app/TabBar Coordinator";
			};
			name = Debug;
		};
		F70CCDB42408560200A4BA66 /* Release */ = {
			isa = XCBuildConfiguration;
			buildSettings = {
				ALWAYS_EMBED_SWIFT_STANDARD_LIBRARIES = YES;
				BUNDLE_LOADER = "$(TEST_HOST)";
				CODE_SIGN_STYLE = Automatic;
				DEVELOPMENT_TEAM = 552H65R858;
				INFOPLIST_FILE = "TabBar CoordinatorTests/Info.plist";
				IPHONEOS_DEPLOYMENT_TARGET = 13.2;
				LD_RUNPATH_SEARCH_PATHS = (
					"$(inherited)",
					"@executable_path/Frameworks",
					"@loader_path/Frameworks",
				);
				PRODUCT_BUNDLE_IDENTIFIER = "com.levibostian.TabBar-CoordinatorTests";
				PRODUCT_NAME = "$(TARGET_NAME)";
				SWIFT_VERSION = 5.0;
				TARGETED_DEVICE_FAMILY = "1,2";
				TEST_HOST = "$(BUILT_PRODUCTS_DIR)/TabBar Coordinator.app/TabBar Coordinator";
			};
			name = Release;
		};
		F70CCDB62408560200A4BA66 /* Debug */ = {
			isa = XCBuildConfiguration;
			buildSettings = {
				ALWAYS_EMBED_SWIFT_STANDARD_LIBRARIES = YES;
				CODE_SIGN_STYLE = Automatic;
				DEVELOPMENT_TEAM = 552H65R858;
				INFOPLIST_FILE = "TabBar CoordinatorUITests/Info.plist";
				LD_RUNPATH_SEARCH_PATHS = (
					"$(inherited)",
					"@executable_path/Frameworks",
					"@loader_path/Frameworks",
				);
				PRODUCT_BUNDLE_IDENTIFIER = "com.levibostian.TabBar-CoordinatorUITests";
				PRODUCT_NAME = "$(TARGET_NAME)";
				SWIFT_VERSION = 5.0;
				TARGETED_DEVICE_FAMILY = "1,2";
				TEST_TARGET_NAME = "TabBar Coordinator";
			};
			name = Debug;
		};
		F70CCDB72408560200A4BA66 /* Release */ = {
			isa = XCBuildConfiguration;
			buildSettings = {
				ALWAYS_EMBED_SWIFT_STANDARD_LIBRARIES = YES;
				CODE_SIGN_STYLE = Automatic;
				DEVELOPMENT_TEAM = 552H65R858;
				INFOPLIST_FILE = "TabBar CoordinatorUITests/Info.plist";
				LD_RUNPATH_SEARCH_PATHS = (
					"$(inherited)",
					"@executable_path/Frameworks",
					"@loader_path/Frameworks",
				);
				PRODUCT_BUNDLE_IDENTIFIER = "com.levibostian.TabBar-CoordinatorUITests";
				PRODUCT_NAME = "$(TARGET_NAME)";
				SWIFT_VERSION = 5.0;
				TARGETED_DEVICE_FAMILY = "1,2";
				TEST_TARGET_NAME = "TabBar Coordinator";
			};
			name = Release;
		};
/* End XCBuildConfiguration section */

/* Begin XCConfigurationList section */
		F70CCD80240855FA00A4BA66 /* Build configuration list for PBXProject "TabBar Coordinator" */ = {
			isa = XCConfigurationList;
			buildConfigurations = (
				F70CCDAD2408560200A4BA66 /* Debug */,
				F70CCDAE2408560200A4BA66 /* Release */,
			);
			defaultConfigurationIsVisible = 0;
			defaultConfigurationName = Release;
		};
		F70CCDAF2408560200A4BA66 /* Build configuration list for PBXNativeTarget "TabBar Coordinator" */ = {
			isa = XCConfigurationList;
			buildConfigurations = (
				F70CCDB02408560200A4BA66 /* Debug */,
				F70CCDB12408560200A4BA66 /* Release */,
			);
			defaultConfigurationIsVisible = 0;
			defaultConfigurationName = Release;
		};
		F70CCDB22408560200A4BA66 /* Build configuration list for PBXNativeTarget "TabBar CoordinatorTests" */ = {
			isa = XCConfigurationList;
			buildConfigurations = (
				F70CCDB32408560200A4BA66 /* Debug */,
				F70CCDB42408560200A4BA66 /* Release */,
			);
			defaultConfigurationIsVisible = 0;
			defaultConfigurationName = Release;
		};
		F70CCDB52408560200A4BA66 /* Build configuration list for PBXNativeTarget "TabBar CoordinatorUITests" */ = {
			isa = XCConfigurationList;
			buildConfigurations = (
				F70CCDB62408560200A4BA66 /* Debug */,
				F70CCDB72408560200A4BA66 /* Release */,
			);
			defaultConfigurationIsVisible = 0;
			defaultConfigurationName = Release;
		};
/* End XCConfigurationList section */
	};
	rootObject = F70CCD7D240855FA00A4BA66 /* Project object */;
}
